
Microsoft Visual Studio Solution File, Format Version 12.00
# Visual Studio Version 16
VisualStudioVersion = 16.0.32630.194
MinimumVisualStudioVersion = 10.0.40219.1
Project("{9A19103F-16F7-4668-BE54-9A1E7A4F7556}") = "CadastroAluno", "CadastroAluno\CadastroAluno.csproj", "{C6B7B1BE-0D07-41AF-956D-7E19479EE47C}"
EndProject
Project("{FAE04EC0-301F-11D3-BF4B-00C04F79EFBC}") = "CadastroAlunos.Test", "CadastroAlunos.Test\CadastroAlunos.Test.csproj", "{8B874C6B-D796-4B52-849B-E9184AA943FE}"
EndProject
Global
	GlobalSection(SolutionConfigurationPlatforms) = preSolution
		Debug|Any CPU = Debug|Any CPU
		Release|Any CPU = Release|Any CPU
	EndGlobalSection
	GlobalSection(ProjectConfigurationPlatforms) = postSolution
		{C6B7B1BE-0D07-41AF-956D-7E19479EE47C}.Debug|Any CPU.ActiveCfg = Debug|Any CPU
		{C6B7B1BE-0D07-41AF-956D-7E19479EE47C}.Debug|Any CPU.Build.0 = Debug|Any CPU
		{C6B7B1BE-0D07-41AF-956D-7E19479EE47C}.Release|Any CPU.ActiveCfg = Release|Any CPU
		{C6B7B1BE-0D07-41AF-956D-7E19479EE47C}.Release|Any CPU.Build.0 = Release|Any CPU
		{8B874C6B-D796-4B52-849B-E9184AA943FE}.Debug|Any CPU.ActiveCfg = Debug|Any CPU
		{8B874C6B-D796-4B52-849B-E9184AA943FE}.Debug|Any CPU.Build.0 = Debug|Any CPU
		{8B874C6B-D796-4B52-849B-E9184AA943FE}.Release|Any CPU.ActiveCfg = Release|Any CPU
		{8B874C6B-D796-4B52-849B-E9184AA943FE}.Release|Any CPU.Build.0 = Release|Any CPU
	EndGlobalSection
	GlobalSection(SolutionProperties) = preSolution
		HideSolutionNode = FALSE
	EndGlobalSection
	GlobalSection(ExtensibilityGlobals) = postSolution
		SolutionGuid = {0EF46803-8E40-42E2-95ED-FD5A6E5ED9FD}
	EndGlobalSection
EndGlobal
